// !$*UTF8*$!
{
	archiveVersion = 1;
	classes = {
	};
	objectVersion = 50;
	objects = {

/* Begin PBXBuildFile section */
		A931CA0F24CEAA0300ECE591 /* main.swift in Sources */ = {isa = PBXBuildFile; fileRef = A931CA0E24CEAA0300ECE591 /* main.swift */; };
		A931CA3224CEAA4C00ECE591 /* main.swift in Sources */ = {isa = PBXBuildFile; fileRef = A931CA3124CEAA4C00ECE591 /* main.swift */; };
		A9CC4B4E24CEBD97004B6EDF /* main.swift in Sources */ = {isa = PBXBuildFile; fileRef = A9CC4B4D24CEBD97004B6EDF /* main.swift */; };
/* End PBXBuildFile section */

/* Begin PBXCopyFilesBuildPhase section */
		A931CA0924CEAA0300ECE591 /* CopyFiles */ = {
			isa = PBXCopyFilesBuildPhase;
			buildActionMask = 2147483647;
			dstPath = /usr/share/man/man1/;
			dstSubfolderSpec = 0;
			files = (
			);
			runOnlyForDeploymentPostprocessing = 1;
		};
		A931CA2D24CEAA4C00ECE591 /* CopyFiles */ = {
			isa = PBXCopyFilesBuildPhase;
			buildActionMask = 2147483647;
			dstPath = /usr/share/man/man1/;
			dstSubfolderSpec = 0;
			files = (
			);
			runOnlyForDeploymentPostprocessing = 1;
		};
		A9CC4B4924CEBD97004B6EDF /* CopyFiles */ = {
			isa = PBXCopyFilesBuildPhase;
			buildActionMask = 2147483647;
			dstPath = /usr/share/man/man1/;
			dstSubfolderSpec = 0;
			files = (
			);
			runOnlyForDeploymentPostprocessing = 1;
		};
/* End PBXCopyFilesBuildPhase section */

/* Begin PBXFileReference section */
		A931CA0B24CEAA0300ECE591 /* Programmers */ = {isa = PBXFileReference; explicitFileType = "compiled.mach-o.executable"; includeInIndex = 0; path = Programmers; sourceTree = BUILT_PRODUCTS_DIR; };
		A931CA0E24CEAA0300ECE591 /* main.swift */ = {isa = PBXFileReference; lastKnownFileType = sourcecode.swift; path = main.swift; sourceTree = "<group>"; };
		A931CA2F24CEAA4C00ECE591 /* Stack/Queue_printer */ = {isa = PBXFileReference; explicitFileType = "compiled.mach-o.executable"; includeInIndex = 0; path = Stack/Queue_printer; sourceTree = BUILT_PRODUCTS_DIR; };
		A931CA3124CEAA4C00ECE591 /* main.swift */ = {isa = PBXFileReference; lastKnownFileType = sourcecode.swift; path = main.swift; sourceTree = "<group>"; };
		A9CC4B4B24CEBD97004B6EDF /* Stack/Queue_processDevelop */ = {isa = PBXFileReference; explicitFileType = "compiled.mach-o.executable"; includeInIndex = 0; path = Stack/Queue_processDevelop; sourceTree = BUILT_PRODUCTS_DIR; };
		A9CC4B4D24CEBD97004B6EDF /* main.swift */ = {isa = PBXFileReference; lastKnownFileType = sourcecode.swift; path = main.swift; sourceTree = "<group>"; };
/* End PBXFileReference section */

/* Begin PBXFrameworksBuildPhase section */
		A931CA0824CEAA0300ECE591 /* Frameworks */ = {
			isa = PBXFrameworksBuildPhase;
			buildActionMask = 2147483647;
			files = (
			);
			runOnlyForDeploymentPostprocessing = 0;
		};
		A931CA2C24CEAA4C00ECE591 /* Frameworks */ = {
			isa = PBXFrameworksBuildPhase;
			buildActionMask = 2147483647;
			files = (
			);
			runOnlyForDeploymentPostprocessing = 0;
		};
		A9CC4B4824CEBD97004B6EDF /* Frameworks */ = {
			isa = PBXFrameworksBuildPhase;
			buildActionMask = 2147483647;
			files = (
			);
			runOnlyForDeploymentPostprocessing = 0;
		};
/* End PBXFrameworksBuildPhase section */

/* Begin PBXGroup section */
		A931CA0224CEAA0300ECE591 = {
			isa = PBXGroup;
			children = (
				A931CA0D24CEAA0300ECE591 /* Programmers */,
				A931CA3024CEAA4C00ECE591 /* Stack/Queue_printer */,
				A9CC4B4C24CEBD97004B6EDF /* Stack/Queue_processDevelop */,
				A931CA0C24CEAA0300ECE591 /* Products */,
			);
			sourceTree = "<group>";
		};
		A931CA0C24CEAA0300ECE591 /* Products */ = {
			isa = PBXGroup;
			children = (
				A931CA0B24CEAA0300ECE591 /* Programmers */,
				A931CA2F24CEAA4C00ECE591 /* Stack/Queue_printer */,
				A9CC4B4B24CEBD97004B6EDF /* Stack/Queue_processDevelop */,
			);
			name = Products;
			sourceTree = "<group>";
		};
		A931CA0D24CEAA0300ECE591 /* Programmers */ = {
			isa = PBXGroup;
			children = (
				A931CA0E24CEAA0300ECE591 /* main.swift */,
			);
			path = Programmers;
			sourceTree = "<group>";
		};
		A931CA3024CEAA4C00ECE591 /* Stack/Queue_printer */ = {
			isa = PBXGroup;
			children = (
				A931CA3124CEAA4C00ECE591 /* main.swift */,
			);
			path = Stack/Queue_printer;
			sourceTree = "<group>";
		};
		A9CC4B4C24CEBD97004B6EDF /* Stack/Queue_processDevelop */ = {
			isa = PBXGroup;
			children = (
				A9CC4B4D24CEBD97004B6EDF /* main.swift */,
			);
			path = Stack/Queue_processDevelop;
			sourceTree = "<group>";
		};
/* End PBXGroup section */

/* Begin PBXNativeTarget section */
		A931CA0A24CEAA0300ECE591 /* Programmers */ = {
			isa = PBXNativeTarget;
			buildConfigurationList = A931CA1224CEAA0300ECE591 /* Build configuration list for PBXNativeTarget "Programmers" */;
			buildPhases = (
				A931CA0724CEAA0300ECE591 /* Sources */,
				A931CA0824CEAA0300ECE591 /* Frameworks */,
				A931CA0924CEAA0300ECE591 /* CopyFiles */,
			);
			buildRules = (
			);
			dependencies = (
			);
			name = Programmers;
			productName = Programmers;
			productReference = A931CA0B24CEAA0300ECE591 /* Programmers */;
			productType = "com.apple.product-type.tool";
		};
		A931CA2E24CEAA4C00ECE591 /* Stack/Queue_printer */ = {
			isa = PBXNativeTarget;
			buildConfigurationList = A931CA3324CEAA4C00ECE591 /* Build configuration list for PBXNativeTarget "Stack/Queue_printer" */;
			buildPhases = (
				A931CA2B24CEAA4C00ECE591 /* Sources */,
				A931CA2C24CEAA4C00ECE591 /* Frameworks */,
				A931CA2D24CEAA4C00ECE591 /* CopyFiles */,
			);
			buildRules = (
			);
			dependencies = (
			);
			name = Stack/Queue_printer;
			productName = Stack/Queue_printer;
			productReference = A931CA2F24CEAA4C00ECE591 /* Stack/Queue_printer */;
			productType = "com.apple.product-type.tool";
		};
		A9CC4B4A24CEBD97004B6EDF /* Stack/Queue_processDevelop */ = {
			isa = PBXNativeTarget;
			buildConfigurationList = A9CC4B5124CEBD97004B6EDF /* Build configuration list for PBXNativeTarget "Stack/Queue_processDevelop" */;
			buildPhases = (
				A9CC4B4724CEBD97004B6EDF /* Sources */,
				A9CC4B4824CEBD97004B6EDF /* Frameworks */,
				A9CC4B4924CEBD97004B6EDF /* CopyFiles */,
			);
			buildRules = (
			);
			dependencies = (
			);
			name = Stack/Queue_processDevelop;
			productName = Stack/Queue_processDevelop;
			productReference = A9CC4B4B24CEBD97004B6EDF /* Stack/Queue_processDevelop */;
			productType = "com.apple.product-type.tool";
		};
/* End PBXNativeTarget section */

/* Begin PBXProject section */
		A931CA0324CEAA0300ECE591 /* Project object */ = {
			isa = PBXProject;
			attributes = {
				LastSwiftUpdateCheck = 1160;
				LastUpgradeCheck = 1160;
				ORGANIZATIONNAME = "Yongwoo Marco Kim";
				TargetAttributes = {
					A931CA0A24CEAA0300ECE591 = {
						CreatedOnToolsVersion = 11.6;
					};
					A931CA2E24CEAA4C00ECE591 = {
						CreatedOnToolsVersion = 11.6;
					};
					A9CC4B4A24CEBD97004B6EDF = {
						CreatedOnToolsVersion = 11.6;
					};
				};
			};
			buildConfigurationList = A931CA0624CEAA0300ECE591 /* Build configuration list for PBXProject "Programmers" */;
			compatibilityVersion = "Xcode 9.3";
			developmentRegion = en;
			hasScannedForEncodings = 0;
			knownRegions = (
				en,
				Base,
			);
			mainGroup = A931CA0224CEAA0300ECE591;
			productRefGroup = A931CA0C24CEAA0300ECE591 /* Products */;
			projectDirPath = "";
			projectRoot = "";
			targets = (
				A931CA0A24CEAA0300ECE591 /* Programmers */,
				A931CA2E24CEAA4C00ECE591 /* Stack/Queue_printer */,
				A9CC4B4A24CEBD97004B6EDF /* Stack/Queue_processDevelop */,
			);
		};
/* End PBXProject section */

/* Begin PBXSourcesBuildPhase section */
		A931CA0724CEAA0300ECE591 /* Sources */ = {
			isa = PBXSourcesBuildPhase;
			buildActionMask = 2147483647;
			files = (
				A931CA0F24CEAA0300ECE591 /* main.swift in Sources */,
			);
			runOnlyForDeploymentPostprocessing = 0;
		};
		A931CA2B24CEAA4C00ECE591 /* Sources */ = {
			isa = PBXSourcesBuildPhase;
			buildActionMask = 2147483647;
			files = (
				A931CA3224CEAA4C00ECE591 /* main.swift in Sources */,
			);
			runOnlyForDeploymentPostprocessing = 0;
		};
		A9CC4B4724CEBD97004B6EDF /* Sources */ = {
			isa = PBXSourcesBuildPhase;
			buildActionMask = 2147483647;
			files = (
				A9CC4B4E24CEBD97004B6EDF /* main.swift in Sources */,
			);
			runOnlyForDeploymentPostprocessing = 0;
		};
/* End PBXSourcesBuildPhase section */

/* Begin XCBuildConfiguration section */
		A931CA1024CEAA0300ECE591 /* Debug */ = {
			isa = XCBuildConfiguration;
			buildSettings = {
				ALWAYS_SEARCH_USER_PATHS = NO;
				CLANG_ANALYZER_NONNULL = YES;
				CLANG_ANALYZER_NUMBER_OBJECT_CONVERSION = YES_AGGRESSIVE;
				CLANG_CXX_LANGUAGE_STANDARD = "gnu++14";
				CLANG_CXX_LIBRARY = "libc++";
				CLANG_ENABLE_MODULES = YES;
				CLANG_ENABLE_OBJC_ARC = YES;
				CLANG_ENABLE_OBJC_WEAK = YES;
				CLANG_WARN_BLOCK_CAPTURE_AUTORELEASING = YES;
				CLANG_WARN_BOOL_CONVERSION = YES;
				CLANG_WARN_COMMA = YES;
				CLANG_WARN_CONSTANT_CONVERSION = YES;
				CLANG_WARN_DEPRECATED_OBJC_IMPLEMENTATIONS = YES;
				CLANG_WARN_DIRECT_OBJC_ISA_USAGE = YES_ERROR;
				CLANG_WARN_DOCUMENTATION_COMMENTS = YES;
				CLANG_WARN_EMPTY_BODY = YES;
				CLANG_WARN_ENUM_CONVERSION = YES;
				CLANG_WARN_INFINITE_RECURSION = YES;
				CLANG_WARN_INT_CONVERSION = YES;
				CLANG_WARN_NON_LITERAL_NULL_CONVERSION = YES;
				CLANG_WARN_OBJC_IMPLICIT_RETAIN_SELF = YES;
				CLANG_WARN_OBJC_LITERAL_CONVERSION = YES;
				CLANG_WARN_OBJC_ROOT_CLASS = YES_ERROR;
				CLANG_WARN_RANGE_LOOP_ANALYSIS = YES;
				CLANG_WARN_STRICT_PROTOTYPES = YES;
				CLANG_WARN_SUSPICIOUS_MOVE = YES;
				CLANG_WARN_UNGUARDED_AVAILABILITY = YES_AGGRESSIVE;
				CLANG_WARN_UNREACHABLE_CODE = YES;
				CLANG_WARN__DUPLICATE_METHOD_MATCH = YES;
				COPY_PHASE_STRIP = NO;
				DEBUG_INFORMATION_FORMAT = dwarf;
				ENABLE_STRICT_OBJC_MSGSEND = YES;
				ENABLE_TESTABILITY = YES;
				GCC_C_LANGUAGE_STANDARD = gnu11;
				GCC_DYNAMIC_NO_PIC = NO;
				GCC_NO_COMMON_BLOCKS = YES;
				GCC_OPTIMIZATION_LEVEL = 0;
				GCC_PREPROCESSOR_DEFINITIONS = (
					"DEBUG=1",
					"$(inherited)",
				);
				GCC_WARN_64_TO_32_BIT_CONVERSION = YES;
				GCC_WARN_ABOUT_RETURN_TYPE = YES_ERROR;
				GCC_WARN_UNDECLARED_SELECTOR = YES;
				GCC_WARN_UNINITIALIZED_AUTOS = YES_AGGRESSIVE;
				GCC_WARN_UNUSED_FUNCTION = YES;
				GCC_WARN_UNUSED_VARIABLE = YES;
				MACOSX_DEPLOYMENT_TARGET = 10.15;
				MTL_ENABLE_DEBUG_INFO = INCLUDE_SOURCE;
				MTL_FAST_MATH = YES;
				ONLY_ACTIVE_ARCH = YES;
				SDKROOT = macosx;
				SWIFT_ACTIVE_COMPILATION_CONDITIONS = DEBUG;
				SWIFT_OPTIMIZATION_LEVEL = "-Onone";
			};
			name = Debug;
		};
		A931CA1124CEAA0300ECE591 /* Release */ = {
			isa = XCBuildConfiguration;
			buildSettings = {
				ALWAYS_SEARCH_USER_PATHS = NO;
				CLANG_ANALYZER_NONNULL = YES;
				CLANG_ANALYZER_NUMBER_OBJECT_CONVERSION = YES_AGGRESSIVE;
				CLANG_CXX_LANGUAGE_STANDARD = "gnu++14";
				CLANG_CXX_LIBRARY = "libc++";
				CLANG_ENABLE_MODULES = YES;
				CLANG_ENABLE_OBJC_ARC = YES;
				CLANG_ENABLE_OBJC_WEAK = YES;
				CLANG_WARN_BLOCK_CAPTURE_AUTORELEASING = YES;
				CLANG_WARN_BOOL_CONVERSION = YES;
				CLANG_WARN_COMMA = YES;
				CLANG_WARN_CONSTANT_CONVERSION = YES;
				CLANG_WARN_DEPRECATED_OBJC_IMPLEMENTATIONS = YES;
				CLANG_WARN_DIRECT_OBJC_ISA_USAGE = YES_ERROR;
				CLANG_WARN_DOCUMENTATION_COMMENTS = YES;
				CLANG_WARN_EMPTY_BODY = YES;
				CLANG_WARN_ENUM_CONVERSION = YES;
				CLANG_WARN_INFINITE_RECURSION = YES;
				CLANG_WARN_INT_CONVERSION = YES;
				CLANG_WARN_NON_LITERAL_NULL_CONVERSION = YES;
				CLANG_WARN_OBJC_IMPLICIT_RETAIN_SELF = YES;
				CLANG_WARN_OBJC_LITERAL_CONVERSION = YES;
				CLANG_WARN_OBJC_ROOT_CLASS = YES_ERROR;
				CLANG_WARN_RANGE_LOOP_ANALYSIS = YES;
				CLANG_WARN_STRICT_PROTOTYPES = YES;
				CLANG_WARN_SUSPICIOUS_MOVE = YES;
				CLANG_WARN_UNGUARDED_AVAILABILITY = YES_AGGRESSIVE;
				CLANG_WARN_UNREACHABLE_CODE = YES;
				CLANG_WARN__DUPLICATE_METHOD_MATCH = YES;
				COPY_PHASE_STRIP = NO;
				DEBUG_INFORMATION_FORMAT = "dwarf-with-dsym";
				ENABLE_NS_ASSERTIONS = NO;
				ENABLE_STRICT_OBJC_MSGSEND = YES;
				GCC_C_LANGUAGE_STANDARD = gnu11;
				GCC_NO_COMMON_BLOCKS = YES;
				GCC_WARN_64_TO_32_BIT_CONVERSION = YES;
				GCC_WARN_ABOUT_RETURN_TYPE = YES_ERROR;
				GCC_WARN_UNDECLARED_SELECTOR = YES;
				GCC_WARN_UNINITIALIZED_AUTOS = YES_AGGRESSIVE;
				GCC_WARN_UNUSED_FUNCTION = YES;
				GCC_WARN_UNUSED_VARIABLE = YES;
				MACOSX_DEPLOYMENT_TARGET = 10.15;
				MTL_ENABLE_DEBUG_INFO = NO;
				MTL_FAST_MATH = YES;
				SDKROOT = macosx;
				SWIFT_COMPILATION_MODE = wholemodule;
				SWIFT_OPTIMIZATION_LEVEL = "-O";
			};
			name = Release;
		};
		A931CA1324CEAA0300ECE591 /* Debug */ = {
			isa = XCBuildConfiguration;
			buildSettings = {
				CODE_SIGN_STYLE = Automatic;
				DEVELOPMENT_TEAM = 9486RJPBM5;
				ENABLE_HARDENED_RUNTIME = YES;
				PRODUCT_NAME = "$(TARGET_NAME)";
				SWIFT_VERSION = 5.0;
			};
			name = Debug;
		};
		A931CA1424CEAA0300ECE591 /* Release */ = {
			isa = XCBuildConfiguration;
			buildSettings = {
				CODE_SIGN_STYLE = Automatic;
				DEVELOPMENT_TEAM = 9486RJPBM5;
				ENABLE_HARDENED_RUNTIME = YES;
				PRODUCT_NAME = "$(TARGET_NAME)";
				SWIFT_VERSION = 5.0;
			};
			name = Release;
		};
		A931CA3424CEAA4C00ECE591 /* Debug */ = {
			isa = XCBuildConfiguration;
			buildSettings = {
				CODE_SIGN_STYLE = Automatic;
				DEVELOPMENT_TEAM = 9486RJPBM5;
				ENABLE_HARDENED_RUNTIME = YES;
				PRODUCT_NAME = "$(TARGET_NAME)";
				SWIFT_VERSION = 5.0;
			};
			name = Debug;
		};
		A931CA3524CEAA4C00ECE591 /* Release */ = {
			isa = XCBuildConfiguration;
			buildSettings = {
				CODE_SIGN_STYLE = Automatic;
				DEVELOPMENT_TEAM = 9486RJPBM5;
				ENABLE_HARDENED_RUNTIME = YES;
				PRODUCT_NAME = "$(TARGET_NAME)";
				SWIFT_VERSION = 5.0;
			};
			name = Release;
		};
		A9CC4B4F24CEBD97004B6EDF /* Debug */ = {
			isa = XCBuildConfiguration;
			buildSettings = {
				CODE_SIGN_STYLE = Automatic;
				DEVELOPMENT_TEAM = 9486RJPBM5;
				ENABLE_HARDENED_RUNTIME = YES;
				PRODUCT_NAME = "$(TARGET_NAME)";
				SWIFT_VERSION = 5.0;
			};
			name = Debug;
		};
		A9CC4B5024CEBD97004B6EDF /* Release */ = {
			isa = XCBuildConfiguration;
			buildSettings = {
				CODE_SIGN_STYLE = Automatic;
				DEVELOPMENT_TEAM = 9486RJPBM5;
				ENABLE_HARDENED_RUNTIME = YES;
				PRODUCT_NAME = "$(TARGET_NAME)";
				SWIFT_VERSION = 5.0;
			};
			name = Release;
		};
/* End XCBuildConfiguration section */

/* Begin XCConfigurationList section */
		A931CA0624CEAA0300ECE591 /* Build configuration list for PBXProject "Programmers" */ = {
			isa = XCConfigurationList;
			buildConfigurations = (
				A931CA1024CEAA0300ECE591 /* Debug */,
				A931CA1124CEAA0300ECE591 /* Release */,
			);
			defaultConfigurationIsVisible = 0;
			defaultConfigurationName = Release;
		};
		A931CA1224CEAA0300ECE591 /* Build configuration list for PBXNativeTarget "Programmers" */ = {
			isa = XCConfigurationList;
			buildConfigurations = (
				A931CA1324CEAA0300ECE591 /* Debug */,
				A931CA1424CEAA0300ECE591 /* Release */,
			);
			defaultConfigurationIsVisible = 0;
			defaultConfigurationName = Release;
		};
		A931CA3324CEAA4C00ECE591 /* Build configuration list for PBXNativeTarget "Stack/Queue_printer" */ = {
			isa = XCConfigurationList;
			buildConfigurations = (
				A931CA3424CEAA4C00ECE591 /* Debug */,
				A931CA3524CEAA4C00ECE591 /* Release */,
			);
			defaultConfigurationIsVisible = 0;
			defaultConfigurationName = Release;
		};
		A9CC4B5124CEBD97004B6EDF /* Build configuration list for PBXNativeTarget "Stack/Queue_processDevelop" */ = {
			isa = XCConfigurationList;
			buildConfigurations = (
				A9CC4B4F24CEBD97004B6EDF /* Debug */,
				A9CC4B5024CEBD97004B6EDF /* Release */,
			);
			defaultConfigurationIsVisible = 0;
			defaultConfigurationName = Release;
		};
/* End XCConfigurationList section */
	};
	rootObject = A931CA0324CEAA0300ECE591 /* Project object */;
}
