// !$*UTF8*$!
{
	archiveVersion = 1;
	classes = {
	};
	objectVersion = 50;
	objects = {

/* Begin PBXBuildFile section */
		A9B5D3BC24DC12BD006054FD /* main.swift in Sources */ = {isa = PBXBuildFile; fileRef = A9B5D3BB24DC12BD006054FD /* main.swift */; };
		A9E9F20A24DBF42700F6A097 /* main.swift in Sources */ = {isa = PBXBuildFile; fileRef = A9E9F20924DBF42700F6A097 /* main.swift */; };
		A9E9F21524DBF49000F6A097 /* main.swift in Sources */ = {isa = PBXBuildFile; fileRef = A9E9F21424DBF49000F6A097 /* main.swift */; };
		A9E9F22024DBF59E00F6A097 /* main.swift in Sources */ = {isa = PBXBuildFile; fileRef = A9E9F21F24DBF59E00F6A097 /* main.swift */; };
		A9EA8CD424D566750058BD11 /* main.swift in Sources */ = {isa = PBXBuildFile; fileRef = A9EA8CD324D566750058BD11 /* main.swift */; };
		A9EA8CE124D566850058BD11 /* main.swift in Sources */ = {isa = PBXBuildFile; fileRef = A9EA8CE024D566850058BD11 /* main.swift */; };
		A9EA8CEC24D567EC0058BD11 /* main.swift in Sources */ = {isa = PBXBuildFile; fileRef = A9EA8CEB24D567EC0058BD11 /* main.swift */; };
/* End PBXBuildFile section */

/* Begin PBXCopyFilesBuildPhase section */
		A9B5D3B724DC12BD006054FD /* CopyFiles */ = {
			isa = PBXCopyFilesBuildPhase;
			buildActionMask = 2147483647;
			dstPath = /usr/share/man/man1/;
			dstSubfolderSpec = 0;
			files = (
			);
			runOnlyForDeploymentPostprocessing = 1;
		};
		A9E9F20524DBF42700F6A097 /* CopyFiles */ = {
			isa = PBXCopyFilesBuildPhase;
			buildActionMask = 2147483647;
			dstPath = /usr/share/man/man1/;
			dstSubfolderSpec = 0;
			files = (
			);
			runOnlyForDeploymentPostprocessing = 1;
		};
		A9E9F21024DBF49000F6A097 /* CopyFiles */ = {
			isa = PBXCopyFilesBuildPhase;
			buildActionMask = 2147483647;
			dstPath = /usr/share/man/man1/;
			dstSubfolderSpec = 0;
			files = (
			);
			runOnlyForDeploymentPostprocessing = 1;
		};
		A9E9F21B24DBF59E00F6A097 /* CopyFiles */ = {
			isa = PBXCopyFilesBuildPhase;
			buildActionMask = 2147483647;
			dstPath = /usr/share/man/man1/;
			dstSubfolderSpec = 0;
			files = (
			);
			runOnlyForDeploymentPostprocessing = 1;
		};
		A9EA8CCE24D566750058BD11 /* CopyFiles */ = {
			isa = PBXCopyFilesBuildPhase;
			buildActionMask = 2147483647;
			dstPath = /usr/share/man/man1/;
			dstSubfolderSpec = 0;
			files = (
			);
			runOnlyForDeploymentPostprocessing = 1;
		};
		A9EA8CDC24D566850058BD11 /* CopyFiles */ = {
			isa = PBXCopyFilesBuildPhase;
			buildActionMask = 2147483647;
			dstPath = /usr/share/man/man1/;
			dstSubfolderSpec = 0;
			files = (
			);
			runOnlyForDeploymentPostprocessing = 1;
		};
		A9EA8CE724D567EC0058BD11 /* CopyFiles */ = {
			isa = PBXCopyFilesBuildPhase;
			buildActionMask = 2147483647;
			dstPath = /usr/share/man/man1/;
			dstSubfolderSpec = 0;
			files = (
			);
			runOnlyForDeploymentPostprocessing = 1;
		};
/* End PBXCopyFilesBuildPhase section */

/* Begin PBXFileReference section */
		A9B5D3B924DC12BD006054FD /* StairCase */ = {isa = PBXFileReference; explicitFileType = "compiled.mach-o.executable"; includeInIndex = 0; path = StairCase; sourceTree = BUILT_PRODUCTS_DIR; };
		A9B5D3BB24DC12BD006054FD /* main.swift */ = {isa = PBXFileReference; lastKnownFileType = sourcecode.swift; path = main.swift; sourceTree = "<group>"; };
		A9E9F20724DBF42700F6A097 /* AVeryBigSum */ = {isa = PBXFileReference; explicitFileType = "compiled.mach-o.executable"; includeInIndex = 0; path = AVeryBigSum; sourceTree = BUILT_PRODUCTS_DIR; };
		A9E9F20924DBF42700F6A097 /* main.swift */ = {isa = PBXFileReference; lastKnownFileType = sourcecode.swift; path = main.swift; sourceTree = "<group>"; };
		A9E9F21224DBF49000F6A097 /* DiagonalDifference */ = {isa = PBXFileReference; explicitFileType = "compiled.mach-o.executable"; includeInIndex = 0; path = DiagonalDifference; sourceTree = BUILT_PRODUCTS_DIR; };
		A9E9F21424DBF49000F6A097 /* main.swift */ = {isa = PBXFileReference; lastKnownFileType = sourcecode.swift; path = main.swift; sourceTree = "<group>"; };
		A9E9F21D24DBF59E00F6A097 /* PlusMinus */ = {isa = PBXFileReference; explicitFileType = "compiled.mach-o.executable"; includeInIndex = 0; path = PlusMinus; sourceTree = BUILT_PRODUCTS_DIR; };
		A9E9F21F24DBF59E00F6A097 /* main.swift */ = {isa = PBXFileReference; lastKnownFileType = sourcecode.swift; path = main.swift; sourceTree = "<group>"; };
		A9EA8CD024D566750058BD11 /* Wormup */ = {isa = PBXFileReference; explicitFileType = "compiled.mach-o.executable"; includeInIndex = 0; path = Wormup; sourceTree = BUILT_PRODUCTS_DIR; };
		A9EA8CD324D566750058BD11 /* main.swift */ = {isa = PBXFileReference; lastKnownFileType = sourcecode.swift; path = main.swift; sourceTree = "<group>"; };
		A9EA8CDE24D566850058BD11 /* SimpleArraySum */ = {isa = PBXFileReference; explicitFileType = "compiled.mach-o.executable"; includeInIndex = 0; path = SimpleArraySum; sourceTree = BUILT_PRODUCTS_DIR; };
		A9EA8CE024D566850058BD11 /* main.swift */ = {isa = PBXFileReference; lastKnownFileType = sourcecode.swift; path = main.swift; sourceTree = "<group>"; };
		A9EA8CE924D567EC0058BD11 /* SolveMeFirst */ = {isa = PBXFileReference; explicitFileType = "compiled.mach-o.executable"; includeInIndex = 0; path = SolveMeFirst; sourceTree = BUILT_PRODUCTS_DIR; };
		A9EA8CEB24D567EC0058BD11 /* main.swift */ = {isa = PBXFileReference; lastKnownFileType = sourcecode.swift; path = main.swift; sourceTree = "<group>"; };
/* End PBXFileReference section */

/* Begin PBXFrameworksBuildPhase section */
		A9B5D3B624DC12BD006054FD /* Frameworks */ = {
			isa = PBXFrameworksBuildPhase;
			buildActionMask = 2147483647;
			files = (
			);
			runOnlyForDeploymentPostprocessing = 0;
		};
		A9E9F20424DBF42700F6A097 /* Frameworks */ = {
			isa = PBXFrameworksBuildPhase;
			buildActionMask = 2147483647;
			files = (
			);
			runOnlyForDeploymentPostprocessing = 0;
		};
		A9E9F20F24DBF49000F6A097 /* Frameworks */ = {
			isa = PBXFrameworksBuildPhase;
			buildActionMask = 2147483647;
			files = (
			);
			runOnlyForDeploymentPostprocessing = 0;
		};
		A9E9F21A24DBF59E00F6A097 /* Frameworks */ = {
			isa = PBXFrameworksBuildPhase;
			buildActionMask = 2147483647;
			files = (
			);
			runOnlyForDeploymentPostprocessing = 0;
		};
		A9EA8CCD24D566750058BD11 /* Frameworks */ = {
			isa = PBXFrameworksBuildPhase;
			buildActionMask = 2147483647;
			files = (
			);
			runOnlyForDeploymentPostprocessing = 0;
		};
		A9EA8CDB24D566850058BD11 /* Frameworks */ = {
			isa = PBXFrameworksBuildPhase;
			buildActionMask = 2147483647;
			files = (
			);
			runOnlyForDeploymentPostprocessing = 0;
		};
		A9EA8CE624D567EC0058BD11 /* Frameworks */ = {
			isa = PBXFrameworksBuildPhase;
			buildActionMask = 2147483647;
			files = (
			);
			runOnlyForDeploymentPostprocessing = 0;
		};
/* End PBXFrameworksBuildPhase section */

/* Begin PBXGroup section */
		A9B5D3BA24DC12BD006054FD /* StairCase */ = {
			isa = PBXGroup;
			children = (
				A9B5D3BB24DC12BD006054FD /* main.swift */,
			);
			path = StairCase;
			sourceTree = "<group>";
		};
		A9E9F20824DBF42700F6A097 /* AVeryBigSum */ = {
			isa = PBXGroup;
			children = (
				A9E9F20924DBF42700F6A097 /* main.swift */,
			);
			path = AVeryBigSum;
			sourceTree = "<group>";
		};
		A9E9F21324DBF49000F6A097 /* DiagonalDifference */ = {
			isa = PBXGroup;
			children = (
				A9E9F21424DBF49000F6A097 /* main.swift */,
			);
			path = DiagonalDifference;
			sourceTree = "<group>";
		};
		A9E9F21E24DBF59E00F6A097 /* PlusMinus */ = {
			isa = PBXGroup;
			children = (
				A9E9F21F24DBF59E00F6A097 /* main.swift */,
			);
			path = PlusMinus;
			sourceTree = "<group>";
		};
		A9EA8CC724D566750058BD11 = {
			isa = PBXGroup;
			children = (
				A9EA8CD224D566750058BD11 /* Wormup */,
				A9EA8CDF24D566850058BD11 /* SimpleArraySum */,
				A9EA8CEA24D567EC0058BD11 /* SolveMeFirst */,
				A9E9F20824DBF42700F6A097 /* AVeryBigSum */,
				A9E9F21324DBF49000F6A097 /* DiagonalDifference */,
				A9E9F21E24DBF59E00F6A097 /* PlusMinus */,
				A9B5D3BA24DC12BD006054FD /* StairCase */,
				A9EA8CD124D566750058BD11 /* Products */,
			);
			sourceTree = "<group>";
		};
		A9EA8CD124D566750058BD11 /* Products */ = {
			isa = PBXGroup;
			children = (
				A9EA8CD024D566750058BD11 /* Wormup */,
				A9EA8CDE24D566850058BD11 /* SimpleArraySum */,
				A9EA8CE924D567EC0058BD11 /* SolveMeFirst */,
				A9E9F20724DBF42700F6A097 /* AVeryBigSum */,
				A9E9F21224DBF49000F6A097 /* DiagonalDifference */,
				A9E9F21D24DBF59E00F6A097 /* PlusMinus */,
				A9B5D3B924DC12BD006054FD /* StairCase */,
			);
			name = Products;
			sourceTree = "<group>";
		};
		A9EA8CD224D566750058BD11 /* Wormup */ = {
			isa = PBXGroup;
			children = (
				A9EA8CD324D566750058BD11 /* main.swift */,
			);
			path = Wormup;
			sourceTree = "<group>";
		};
		A9EA8CDF24D566850058BD11 /* SimpleArraySum */ = {
			isa = PBXGroup;
			children = (
				A9EA8CE024D566850058BD11 /* main.swift */,
			);
			path = SimpleArraySum;
			sourceTree = "<group>";
		};
		A9EA8CEA24D567EC0058BD11 /* SolveMeFirst */ = {
			isa = PBXGroup;
			children = (
				A9EA8CEB24D567EC0058BD11 /* main.swift */,
			);
			path = SolveMeFirst;
			sourceTree = "<group>";
		};
/* End PBXGroup section */

/* Begin PBXNativeTarget section */
		A9B5D3B824DC12BD006054FD /* StairCase */ = {
			isa = PBXNativeTarget;
			buildConfigurationList = A9B5D3BD24DC12BD006054FD /* Build configuration list for PBXNativeTarget "StairCase" */;
			buildPhases = (
				A9B5D3B524DC12BD006054FD /* Sources */,
				A9B5D3B624DC12BD006054FD /* Frameworks */,
				A9B5D3B724DC12BD006054FD /* CopyFiles */,
			);
			buildRules = (
			);
			dependencies = (
			);
			name = StairCase;
			productName = StairCase;
			productReference = A9B5D3B924DC12BD006054FD /* StairCase */;
			productType = "com.apple.product-type.tool";
		};
		A9E9F20624DBF42700F6A097 /* AVeryBigSum */ = {
			isa = PBXNativeTarget;
			buildConfigurationList = A9E9F20D24DBF42700F6A097 /* Build configuration list for PBXNativeTarget "AVeryBigSum" */;
			buildPhases = (
				A9E9F20324DBF42700F6A097 /* Sources */,
				A9E9F20424DBF42700F6A097 /* Frameworks */,
				A9E9F20524DBF42700F6A097 /* CopyFiles */,
			);
			buildRules = (
			);
			dependencies = (
			);
			name = AVeryBigSum;
			productName = AVeryBigSum;
			productReference = A9E9F20724DBF42700F6A097 /* AVeryBigSum */;
			productType = "com.apple.product-type.tool";
		};
		A9E9F21124DBF49000F6A097 /* DiagonalDifference */ = {
			isa = PBXNativeTarget;
			buildConfigurationList = A9E9F21624DBF49000F6A097 /* Build configuration list for PBXNativeTarget "DiagonalDifference" */;
			buildPhases = (
				A9E9F20E24DBF49000F6A097 /* Sources */,
				A9E9F20F24DBF49000F6A097 /* Frameworks */,
				A9E9F21024DBF49000F6A097 /* CopyFiles */,
			);
			buildRules = (
			);
			dependencies = (
			);
			name = DiagonalDifference;
			productName = DiagonalDifference;
			productReference = A9E9F21224DBF49000F6A097 /* DiagonalDifference */;
			productType = "com.apple.product-type.tool";
		};
		A9E9F21C24DBF59E00F6A097 /* PlusMinus */ = {
			isa = PBXNativeTarget;
			buildConfigurationList = A9E9F22124DBF59E00F6A097 /* Build configuration list for PBXNativeTarget "PlusMinus" */;
			buildPhases = (
				A9E9F21924DBF59E00F6A097 /* Sources */,
				A9E9F21A24DBF59E00F6A097 /* Frameworks */,
				A9E9F21B24DBF59E00F6A097 /* CopyFiles */,
			);
			buildRules = (
			);
			dependencies = (
			);
			name = PlusMinus;
			productName = PlusMinus;
			productReference = A9E9F21D24DBF59E00F6A097 /* PlusMinus */;
			productType = "com.apple.product-type.tool";
		};
		A9EA8CCF24D566750058BD11 /* Wormup */ = {
			isa = PBXNativeTarget;
			buildConfigurationList = A9EA8CD724D566750058BD11 /* Build configuration list for PBXNativeTarget "Wormup" */;
			buildPhases = (
				A9EA8CCC24D566750058BD11 /* Sources */,
				A9EA8CCD24D566750058BD11 /* Frameworks */,
				A9EA8CCE24D566750058BD11 /* CopyFiles */,
			);
			buildRules = (
			);
			dependencies = (
			);
			name = Wormup;
			productName = Wormup;
			productReference = A9EA8CD024D566750058BD11 /* Wormup */;
			productType = "com.apple.product-type.tool";
		};
		A9EA8CDD24D566850058BD11 /* SimpleArraySum */ = {
			isa = PBXNativeTarget;
			buildConfigurationList = A9EA8CE224D566850058BD11 /* Build configuration list for PBXNativeTarget "SimpleArraySum" */;
			buildPhases = (
				A9EA8CDA24D566850058BD11 /* Sources */,
				A9EA8CDB24D566850058BD11 /* Frameworks */,
				A9EA8CDC24D566850058BD11 /* CopyFiles */,
			);
			buildRules = (
			);
			dependencies = (
			);
			name = SimpleArraySum;
			productName = SimpleArraySum;
			productReference = A9EA8CDE24D566850058BD11 /* SimpleArraySum */;
			productType = "com.apple.product-type.tool";
		};
		A9EA8CE824D567EC0058BD11 /* SolveMeFirst */ = {
			isa = PBXNativeTarget;
			buildConfigurationList = A9EA8CED24D567EC0058BD11 /* Build configuration list for PBXNativeTarget "SolveMeFirst" */;
			buildPhases = (
				A9EA8CE524D567EC0058BD11 /* Sources */,
				A9EA8CE624D567EC0058BD11 /* Frameworks */,
				A9EA8CE724D567EC0058BD11 /* CopyFiles */,
			);
			buildRules = (
			);
			dependencies = (
			);
			name = SolveMeFirst;
			productName = SolveMeFirst;
			productReference = A9EA8CE924D567EC0058BD11 /* SolveMeFirst */;
			productType = "com.apple.product-type.tool";
		};
/* End PBXNativeTarget section */

/* Begin PBXProject section */
		A9EA8CC824D566750058BD11 /* Project object */ = {
			isa = PBXProject;
			attributes = {
				LastSwiftUpdateCheck = 1160;
				LastUpgradeCheck = 1160;
				ORGANIZATIONNAME = "Yongwoo Marco Kim";
				TargetAttributes = {
					A9B5D3B824DC12BD006054FD = {
						CreatedOnToolsVersion = 11.6;
					};
					A9E9F20624DBF42700F6A097 = {
						CreatedOnToolsVersion = 11.6;
					};
					A9E9F21124DBF49000F6A097 = {
						CreatedOnToolsVersion = 11.6;
					};
					A9E9F21C24DBF59E00F6A097 = {
						CreatedOnToolsVersion = 11.6;
					};
					A9EA8CCF24D566750058BD11 = {
						CreatedOnToolsVersion = 11.6;
					};
					A9EA8CDD24D566850058BD11 = {
						CreatedOnToolsVersion = 11.6;
					};
					A9EA8CE824D567EC0058BD11 = {
						CreatedOnToolsVersion = 11.6;
					};
				};
			};
			buildConfigurationList = A9EA8CCB24D566750058BD11 /* Build configuration list for PBXProject "Wormup" */;
			compatibilityVersion = "Xcode 9.3";
			developmentRegion = en;
			hasScannedForEncodings = 0;
			knownRegions = (
				en,
				Base,
			);
			mainGroup = A9EA8CC724D566750058BD11;
			productRefGroup = A9EA8CD124D566750058BD11 /* Products */;
			projectDirPath = "";
			projectRoot = "";
			targets = (
				A9EA8CCF24D566750058BD11 /* Wormup */,
				A9EA8CDD24D566850058BD11 /* SimpleArraySum */,
				A9EA8CE824D567EC0058BD11 /* SolveMeFirst */,
				A9E9F20624DBF42700F6A097 /* AVeryBigSum */,
				A9E9F21124DBF49000F6A097 /* DiagonalDifference */,
				A9E9F21C24DBF59E00F6A097 /* PlusMinus */,
				A9B5D3B824DC12BD006054FD /* StairCase */,
			);
		};
/* End PBXProject section */

/* Begin PBXSourcesBuildPhase section */
		A9B5D3B524DC12BD006054FD /* Sources */ = {
			isa = PBXSourcesBuildPhase;
			buildActionMask = 2147483647;
			files = (
				A9B5D3BC24DC12BD006054FD /* main.swift in Sources */,
			);
			runOnlyForDeploymentPostprocessing = 0;
		};
		A9E9F20324DBF42700F6A097 /* Sources */ = {
			isa = PBXSourcesBuildPhase;
			buildActionMask = 2147483647;
			files = (
				A9E9F20A24DBF42700F6A097 /* main.swift in Sources */,
			);
			runOnlyForDeploymentPostprocessing = 0;
		};
		A9E9F20E24DBF49000F6A097 /* Sources */ = {
			isa = PBXSourcesBuildPhase;
			buildActionMask = 2147483647;
			files = (
				A9E9F21524DBF49000F6A097 /* main.swift in Sources */,
			);
			runOnlyForDeploymentPostprocessing = 0;
		};
		A9E9F21924DBF59E00F6A097 /* Sources */ = {
			isa = PBXSourcesBuildPhase;
			buildActionMask = 2147483647;
			files = (
				A9E9F22024DBF59E00F6A097 /* main.swift in Sources */,
			);
			runOnlyForDeploymentPostprocessing = 0;
		};
		A9EA8CCC24D566750058BD11 /* Sources */ = {
			isa = PBXSourcesBuildPhase;
			buildActionMask = 2147483647;
			files = (
				A9EA8CD424D566750058BD11 /* main.swift in Sources */,
			);
			runOnlyForDeploymentPostprocessing = 0;
		};
		A9EA8CDA24D566850058BD11 /* Sources */ = {
			isa = PBXSourcesBuildPhase;
			buildActionMask = 2147483647;
			files = (
				A9EA8CE124D566850058BD11 /* main.swift in Sources */,
			);
			runOnlyForDeploymentPostprocessing = 0;
		};
		A9EA8CE524D567EC0058BD11 /* Sources */ = {
			isa = PBXSourcesBuildPhase;
			buildActionMask = 2147483647;
			files = (
				A9EA8CEC24D567EC0058BD11 /* main.swift in Sources */,
			);
			runOnlyForDeploymentPostprocessing = 0;
		};
/* End PBXSourcesBuildPhase section */

/* Begin XCBuildConfiguration section */
		A9B5D3BE24DC12BD006054FD /* Debug */ = {
			isa = XCBuildConfiguration;
			buildSettings = {
				CODE_SIGN_STYLE = Automatic;
				DEVELOPMENT_TEAM = 9486RJPBM5;
				ENABLE_HARDENED_RUNTIME = YES;
				PRODUCT_NAME = "$(TARGET_NAME)";
				SWIFT_VERSION = 5.0;
			};
			name = Debug;
		};
		A9B5D3BF24DC12BD006054FD /* Release */ = {
			isa = XCBuildConfiguration;
			buildSettings = {
				CODE_SIGN_STYLE = Automatic;
				DEVELOPMENT_TEAM = 9486RJPBM5;
				ENABLE_HARDENED_RUNTIME = YES;
				PRODUCT_NAME = "$(TARGET_NAME)";
				SWIFT_VERSION = 5.0;
			};
			name = Release;
		};
		A9E9F20B24DBF42700F6A097 /* Debug */ = {
			isa = XCBuildConfiguration;
			buildSettings = {
				CODE_SIGN_STYLE = Automatic;
				DEVELOPMENT_TEAM = 9486RJPBM5;
				ENABLE_HARDENED_RUNTIME = YES;
				PRODUCT_NAME = "$(TARGET_NAME)";
				SWIFT_VERSION = 5.0;
			};
			name = Debug;
		};
		A9E9F20C24DBF42700F6A097 /* Release */ = {
			isa = XCBuildConfiguration;
			buildSettings = {
				CODE_SIGN_STYLE = Automatic;
				DEVELOPMENT_TEAM = 9486RJPBM5;
				ENABLE_HARDENED_RUNTIME = YES;
				PRODUCT_NAME = "$(TARGET_NAME)";
				SWIFT_VERSION = 5.0;
			};
			name = Release;
		};
		A9E9F21724DBF49000F6A097 /* Debug */ = {
			isa = XCBuildConfiguration;
			buildSettings = {
				CODE_SIGN_STYLE = Automatic;
				DEVELOPMENT_TEAM = 9486RJPBM5;
				ENABLE_HARDENED_RUNTIME = YES;
				PRODUCT_NAME = "$(TARGET_NAME)";
				SWIFT_VERSION = 5.0;
			};
			name = Debug;
		};
		A9E9F21824DBF49000F6A097 /* Release */ = {
			isa = XCBuildConfiguration;
			buildSettings = {
				CODE_SIGN_STYLE = Automatic;
				DEVELOPMENT_TEAM = 9486RJPBM5;
				ENABLE_HARDENED_RUNTIME = YES;
				PRODUCT_NAME = "$(TARGET_NAME)";
				SWIFT_VERSION = 5.0;
			};
			name = Release;
		};
		A9E9F22224DBF59E00F6A097 /* Debug */ = {
			isa = XCBuildConfiguration;
			buildSettings = {
				CODE_SIGN_STYLE = Automatic;
				DEVELOPMENT_TEAM = 9486RJPBM5;
				ENABLE_HARDENED_RUNTIME = YES;
				PRODUCT_NAME = "$(TARGET_NAME)";
				SWIFT_VERSION = 5.0;
			};
			name = Debug;
		};
		A9E9F22324DBF59E00F6A097 /* Release */ = {
			isa = XCBuildConfiguration;
			buildSettings = {
				CODE_SIGN_STYLE = Automatic;
				DEVELOPMENT_TEAM = 9486RJPBM5;
				ENABLE_HARDENED_RUNTIME = YES;
				PRODUCT_NAME = "$(TARGET_NAME)";
				SWIFT_VERSION = 5.0;
			};
			name = Release;
		};
		A9EA8CD524D566750058BD11 /* Debug */ = {
			isa = XCBuildConfiguration;
			buildSettings = {
				ALWAYS_SEARCH_USER_PATHS = NO;
				CLANG_ANALYZER_NONNULL = YES;
				CLANG_ANALYZER_NUMBER_OBJECT_CONVERSION = YES_AGGRESSIVE;
				CLANG_CXX_LANGUAGE_STANDARD = "gnu++14";
				CLANG_CXX_LIBRARY = "libc++";
				CLANG_ENABLE_MODULES = YES;
				CLANG_ENABLE_OBJC_ARC = YES;
				CLANG_ENABLE_OBJC_WEAK = YES;
				CLANG_WARN_BLOCK_CAPTURE_AUTORELEASING = YES;
				CLANG_WARN_BOOL_CONVERSION = YES;
				CLANG_WARN_COMMA = YES;
				CLANG_WARN_CONSTANT_CONVERSION = YES;
				CLANG_WARN_DEPRECATED_OBJC_IMPLEMENTATIONS = YES;
				CLANG_WARN_DIRECT_OBJC_ISA_USAGE = YES_ERROR;
				CLANG_WARN_DOCUMENTATION_COMMENTS = YES;
				CLANG_WARN_EMPTY_BODY = YES;
				CLANG_WARN_ENUM_CONVERSION = YES;
				CLANG_WARN_INFINITE_RECURSION = YES;
				CLANG_WARN_INT_CONVERSION = YES;
				CLANG_WARN_NON_LITERAL_NULL_CONVERSION = YES;
				CLANG_WARN_OBJC_IMPLICIT_RETAIN_SELF = YES;
				CLANG_WARN_OBJC_LITERAL_CONVERSION = YES;
				CLANG_WARN_OBJC_ROOT_CLASS = YES_ERROR;
				CLANG_WARN_RANGE_LOOP_ANALYSIS = YES;
				CLANG_WARN_STRICT_PROTOTYPES = YES;
				CLANG_WARN_SUSPICIOUS_MOVE = YES;
				CLANG_WARN_UNGUARDED_AVAILABILITY = YES_AGGRESSIVE;
				CLANG_WARN_UNREACHABLE_CODE = YES;
				CLANG_WARN__DUPLICATE_METHOD_MATCH = YES;
				COPY_PHASE_STRIP = NO;
				DEBUG_INFORMATION_FORMAT = dwarf;
				ENABLE_STRICT_OBJC_MSGSEND = YES;
				ENABLE_TESTABILITY = YES;
				GCC_C_LANGUAGE_STANDARD = gnu11;
				GCC_DYNAMIC_NO_PIC = NO;
				GCC_NO_COMMON_BLOCKS = YES;
				GCC_OPTIMIZATION_LEVEL = 0;
				GCC_PREPROCESSOR_DEFINITIONS = (
					"DEBUG=1",
					"$(inherited)",
				);
				GCC_WARN_64_TO_32_BIT_CONVERSION = YES;
				GCC_WARN_ABOUT_RETURN_TYPE = YES_ERROR;
				GCC_WARN_UNDECLARED_SELECTOR = YES;
				GCC_WARN_UNINITIALIZED_AUTOS = YES_AGGRESSIVE;
				GCC_WARN_UNUSED_FUNCTION = YES;
				GCC_WARN_UNUSED_VARIABLE = YES;
				MACOSX_DEPLOYMENT_TARGET = 10.15;
				MTL_ENABLE_DEBUG_INFO = INCLUDE_SOURCE;
				MTL_FAST_MATH = YES;
				ONLY_ACTIVE_ARCH = YES;
				SDKROOT = macosx;
				SWIFT_ACTIVE_COMPILATION_CONDITIONS = DEBUG;
				SWIFT_OPTIMIZATION_LEVEL = "-Onone";
			};
			name = Debug;
		};
		A9EA8CD624D566750058BD11 /* Release */ = {
			isa = XCBuildConfiguration;
			buildSettings = {
				ALWAYS_SEARCH_USER_PATHS = NO;
				CLANG_ANALYZER_NONNULL = YES;
				CLANG_ANALYZER_NUMBER_OBJECT_CONVERSION = YES_AGGRESSIVE;
				CLANG_CXX_LANGUAGE_STANDARD = "gnu++14";
				CLANG_CXX_LIBRARY = "libc++";
				CLANG_ENABLE_MODULES = YES;
				CLANG_ENABLE_OBJC_ARC = YES;
				CLANG_ENABLE_OBJC_WEAK = YES;
				CLANG_WARN_BLOCK_CAPTURE_AUTORELEASING = YES;
				CLANG_WARN_BOOL_CONVERSION = YES;
				CLANG_WARN_COMMA = YES;
				CLANG_WARN_CONSTANT_CONVERSION = YES;
				CLANG_WARN_DEPRECATED_OBJC_IMPLEMENTATIONS = YES;
				CLANG_WARN_DIRECT_OBJC_ISA_USAGE = YES_ERROR;
				CLANG_WARN_DOCUMENTATION_COMMENTS = YES;
				CLANG_WARN_EMPTY_BODY = YES;
				CLANG_WARN_ENUM_CONVERSION = YES;
				CLANG_WARN_INFINITE_RECURSION = YES;
				CLANG_WARN_INT_CONVERSION = YES;
				CLANG_WARN_NON_LITERAL_NULL_CONVERSION = YES;
				CLANG_WARN_OBJC_IMPLICIT_RETAIN_SELF = YES;
				CLANG_WARN_OBJC_LITERAL_CONVERSION = YES;
				CLANG_WARN_OBJC_ROOT_CLASS = YES_ERROR;
				CLANG_WARN_RANGE_LOOP_ANALYSIS = YES;
				CLANG_WARN_STRICT_PROTOTYPES = YES;
				CLANG_WARN_SUSPICIOUS_MOVE = YES;
				CLANG_WARN_UNGUARDED_AVAILABILITY = YES_AGGRESSIVE;
				CLANG_WARN_UNREACHABLE_CODE = YES;
				CLANG_WARN__DUPLICATE_METHOD_MATCH = YES;
				COPY_PHASE_STRIP = NO;
				DEBUG_INFORMATION_FORMAT = "dwarf-with-dsym";
				ENABLE_NS_ASSERTIONS = NO;
				ENABLE_STRICT_OBJC_MSGSEND = YES;
				GCC_C_LANGUAGE_STANDARD = gnu11;
				GCC_NO_COMMON_BLOCKS = YES;
				GCC_WARN_64_TO_32_BIT_CONVERSION = YES;
				GCC_WARN_ABOUT_RETURN_TYPE = YES_ERROR;
				GCC_WARN_UNDECLARED_SELECTOR = YES;
				GCC_WARN_UNINITIALIZED_AUTOS = YES_AGGRESSIVE;
				GCC_WARN_UNUSED_FUNCTION = YES;
				GCC_WARN_UNUSED_VARIABLE = YES;
				MACOSX_DEPLOYMENT_TARGET = 10.15;
				MTL_ENABLE_DEBUG_INFO = NO;
				MTL_FAST_MATH = YES;
				SDKROOT = macosx;
				SWIFT_COMPILATION_MODE = wholemodule;
				SWIFT_OPTIMIZATION_LEVEL = "-O";
			};
			name = Release;
		};
		A9EA8CD824D566750058BD11 /* Debug */ = {
			isa = XCBuildConfiguration;
			buildSettings = {
				CODE_SIGN_STYLE = Automatic;
				DEVELOPMENT_TEAM = 9486RJPBM5;
				ENABLE_HARDENED_RUNTIME = YES;
				PRODUCT_NAME = "$(TARGET_NAME)";
				SWIFT_VERSION = 5.0;
			};
			name = Debug;
		};
		A9EA8CD924D566750058BD11 /* Release */ = {
			isa = XCBuildConfiguration;
			buildSettings = {
				CODE_SIGN_STYLE = Automatic;
				DEVELOPMENT_TEAM = 9486RJPBM5;
				ENABLE_HARDENED_RUNTIME = YES;
				PRODUCT_NAME = "$(TARGET_NAME)";
				SWIFT_VERSION = 5.0;
			};
			name = Release;
		};
		A9EA8CE324D566850058BD11 /* Debug */ = {
			isa = XCBuildConfiguration;
			buildSettings = {
				CODE_SIGN_STYLE = Automatic;
				DEVELOPMENT_TEAM = 9486RJPBM5;
				ENABLE_HARDENED_RUNTIME = YES;
				PRODUCT_NAME = "$(TARGET_NAME)";
				SWIFT_VERSION = 5.0;
			};
			name = Debug;
		};
		A9EA8CE424D566850058BD11 /* Release */ = {
			isa = XCBuildConfiguration;
			buildSettings = {
				CODE_SIGN_STYLE = Automatic;
				DEVELOPMENT_TEAM = 9486RJPBM5;
				ENABLE_HARDENED_RUNTIME = YES;
				PRODUCT_NAME = "$(TARGET_NAME)";
				SWIFT_VERSION = 5.0;
			};
			name = Release;
		};
		A9EA8CEE24D567EC0058BD11 /* Debug */ = {
			isa = XCBuildConfiguration;
			buildSettings = {
				CODE_SIGN_STYLE = Automatic;
				DEVELOPMENT_TEAM = 9486RJPBM5;
				ENABLE_HARDENED_RUNTIME = YES;
				PRODUCT_NAME = "$(TARGET_NAME)";
				SWIFT_VERSION = 5.0;
			};
			name = Debug;
		};
		A9EA8CEF24D567EC0058BD11 /* Release */ = {
			isa = XCBuildConfiguration;
			buildSettings = {
				CODE_SIGN_STYLE = Automatic;
				DEVELOPMENT_TEAM = 9486RJPBM5;
				ENABLE_HARDENED_RUNTIME = YES;
				PRODUCT_NAME = "$(TARGET_NAME)";
				SWIFT_VERSION = 5.0;
			};
			name = Release;
		};
/* End XCBuildConfiguration section */

/* Begin XCConfigurationList section */
		A9B5D3BD24DC12BD006054FD /* Build configuration list for PBXNativeTarget "StairCase" */ = {
			isa = XCConfigurationList;
			buildConfigurations = (
				A9B5D3BE24DC12BD006054FD /* Debug */,
				A9B5D3BF24DC12BD006054FD /* Release */,
			);
			defaultConfigurationIsVisible = 0;
			defaultConfigurationName = Release;
		};
		A9E9F20D24DBF42700F6A097 /* Build configuration list for PBXNativeTarget "AVeryBigSum" */ = {
			isa = XCConfigurationList;
			buildConfigurations = (
				A9E9F20B24DBF42700F6A097 /* Debug */,
				A9E9F20C24DBF42700F6A097 /* Release */,
			);
			defaultConfigurationIsVisible = 0;
			defaultConfigurationName = Release;
		};
		A9E9F21624DBF49000F6A097 /* Build configuration list for PBXNativeTarget "DiagonalDifference" */ = {
			isa = XCConfigurationList;
			buildConfigurations = (
				A9E9F21724DBF49000F6A097 /* Debug */,
				A9E9F21824DBF49000F6A097 /* Release */,
			);
			defaultConfigurationIsVisible = 0;
			defaultConfigurationName = Release;
		};
		A9E9F22124DBF59E00F6A097 /* Build configuration list for PBXNativeTarget "PlusMinus" */ = {
			isa = XCConfigurationList;
			buildConfigurations = (
				A9E9F22224DBF59E00F6A097 /* Debug */,
				A9E9F22324DBF59E00F6A097 /* Release */,
			);
			defaultConfigurationIsVisible = 0;
			defaultConfigurationName = Release;
		};
		A9EA8CCB24D566750058BD11 /* Build configuration list for PBXProject "Wormup" */ = {
			isa = XCConfigurationList;
			buildConfigurations = (
				A9EA8CD524D566750058BD11 /* Debug */,
				A9EA8CD624D566750058BD11 /* Release */,
			);
			defaultConfigurationIsVisible = 0;
			defaultConfigurationName = Release;
		};
		A9EA8CD724D566750058BD11 /* Build configuration list for PBXNativeTarget "Wormup" */ = {
			isa = XCConfigurationList;
			buildConfigurations = (
				A9EA8CD824D566750058BD11 /* Debug */,
				A9EA8CD924D566750058BD11 /* Release */,
			);
			defaultConfigurationIsVisible = 0;
			defaultConfigurationName = Release;
		};
		A9EA8CE224D566850058BD11 /* Build configuration list for PBXNativeTarget "SimpleArraySum" */ = {
			isa = XCConfigurationList;
			buildConfigurations = (
				A9EA8CE324D566850058BD11 /* Debug */,
				A9EA8CE424D566850058BD11 /* Release */,
			);
			defaultConfigurationIsVisible = 0;
			defaultConfigurationName = Release;
		};
		A9EA8CED24D567EC0058BD11 /* Build configuration list for PBXNativeTarget "SolveMeFirst" */ = {
			isa = XCConfigurationList;
			buildConfigurations = (
				A9EA8CEE24D567EC0058BD11 /* Debug */,
				A9EA8CEF24D567EC0058BD11 /* Release */,
			);
			defaultConfigurationIsVisible = 0;
			defaultConfigurationName = Release;
		};
/* End XCConfigurationList section */
	};
	rootObject = A9EA8CC824D566750058BD11 /* Project object */;
}
